
Microsoft Visual Studio Solution File, Format Version 12.00
# Visual Studio Version 17
VisualStudioVersion = 17.0.31903.59
MinimumVisualStudioVersion = 10.0.40219.1
Project("{2150E333-8FDC-42A3-9474-1A3956D46DE8}") = "src", "src", "{827E0CD3-B72D-47B6-A68D-7590B98EB39B}"
	ProjectSection(SolutionItems) = preProject
		.gitignore = .gitignore
		CLAUDE.md = CLAUDE.md
		Instructions.txt = Instructions.txt
		README.md = README.md
	EndProjectSection
EndProject
Project("{FAE04EC0-301F-11D3-BF4B-00C04F79EFBC}") = "IntegrationPro.PluginBase", "src\IntegrationPro.PluginBase\IntegrationPro.PluginBase.csproj", "{05B5EBCF-1D46-4460-BE5A-044F3B7AC592}"
EndProject
Project("{FAE04EC0-301F-11D3-BF4B-00C04F79EFBC}") = "IntegrationPro.Domain", "src\IntegrationPro.Domain\IntegrationPro.Domain.csproj", "{367BC60F-FB79-4D25-A0AE-AB8941E9993B}"
EndProject
Project("{FAE04EC0-301F-11D3-BF4B-00C04F79EFBC}") = "IntegrationPro.Application", "src\IntegrationPro.Application\IntegrationPro.Application.csproj", "{13C6B875-DDA9-4FB3-8237-5B76A825FF50}"
EndProject
Project("{FAE04EC0-301F-11D3-BF4B-00C04F79EFBC}") = "IntegrationPro.Infrastructure", "src\IntegrationPro.Infrastructure\IntegrationPro.Infrastructure.csproj", "{1B2FBB19-A72A-47C2-BC1B-5C3FB66232AB}"
EndProject
Project("{FAE04EC0-301F-11D3-BF4B-00C04F79EFBC}") = "IntegrationPro.Worker", "src\IntegrationPro.Worker\IntegrationPro.Worker.csproj", "{07BD58BF-9849-457D-9D93-F31CCA5A12A2}"
EndProject
Project("{FAE04EC0-301F-11D3-BF4B-00C04F79EFBC}") = "IntegrationPro.Plugin.PrismHR", "plugins\IntegrationPro.Plugin.PrismHR\IntegrationPro.Plugin.PrismHR.csproj", "{FB14F8DA-A0E6-48DD-9E00-0F231FED9F7C}"
EndProject
Project("{FAE04EC0-301F-11D3-BF4B-00C04F79EFBC}") = "IntegrationPro.Plugin.Mock", "plugins\IntegrationPro.Plugin.Mock\IntegrationPro.Plugin.Mock.csproj", "{23B1BC0B-5966-4A09-9B60-1C22C4B081BF}"
EndProject
Project("{2150E333-8FDC-42A3-9474-1A3956D46DE8}") = "tests", "tests", "{0AB3BF05-4346-4AA6-1389-037BE0695223}"
EndProject
Project("{FAE04EC0-301F-11D3-BF4B-00C04F79EFBC}") = "IntegrationPro.TestHarness", "tests\IntegrationPro.TestHarness\IntegrationPro.TestHarness.csproj", "{9E9BDE8D-3C5E-46E2-90A9-78C68DD8A6C8}"
EndProject
Project("{FAE04EC0-301F-11D3-BF4B-00C04F79EFBC}") = "IntegrationPro.Application.Tests", "tests\IntegrationPro.Application.Tests\IntegrationPro.Application.Tests.csproj", "{0EEEFA59-3BC5-4B96-B85C-CED9EEB8DF1B}"
EndProject
Project("{FAE04EC0-301F-11D3-BF4B-00C04F79EFBC}") = "IntegrationPro.Api", "src\IntegrationPro.Api\IntegrationPro.Api.csproj", "{22642DB6-6D5D-41DE-8461-8334B3548A3E}"
EndProject
Project("{FAE04EC0-301F-11D3-BF4B-00C04F79EFBC}") = "IntegrationPro.Api.Tests", "tests\IntegrationPro.Api.Tests\IntegrationPro.Api.Tests.csproj", "{AA97159B-04D2-4AF7-A67B-3BB25E31E199}"
EndProject
Project("{2150E333-8FDC-42A3-9474-1A3956D46DE8}") = "plugins", "plugins", "{07D57EEB-2F50-60C4-C011-FE4FA775C9A8}"
EndProject
Project("{FAE04EC0-301F-11D3-BF4B-00C04F79EFBC}") = "IntegrationPro.Plugin.SecEdgar", "plugins\IntegrationPro.Plugin.SecEdgar\IntegrationPro.Plugin.SecEdgar.csproj", "{259C1608-7765-495A-BAB4-A2E25CF7E75F}"
EndProject
Global
	GlobalSection(SolutionConfigurationPlatforms) = preSolution
		Debug|Any CPU = Debug|Any CPU
		Debug|x64 = Debug|x64
		Debug|x86 = Debug|x86
		Release|Any CPU = Release|Any CPU
		Release|x64 = Release|x64
		Release|x86 = Release|x86
	EndGlobalSection
	GlobalSection(ProjectConfigurationPlatforms) = postSolution
		{05B5EBCF-1D46-4460-BE5A-044F3B7AC592}.Debug|Any CPU.ActiveCfg = Debug|Any CPU
		{05B5EBCF-1D46-4460-BE5A-044F3B7AC592}.Debug|Any CPU.Build.0 = Debug|Any CPU
		{05B5EBCF-1D46-4460-BE5A-044F3B7AC592}.Debug|x64.ActiveCfg = Debug|Any CPU
		{05B5EBCF-1D46-4460-BE5A-044F3B7AC592}.Debug|x64.Build.0 = Debug|Any CPU
		{05B5EBCF-1D46-4460-BE5A-044F3B7AC592}.Debug|x86.ActiveCfg = Debug|Any CPU
		{05B5EBCF-1D46-4460-BE5A-044F3B7AC592}.Debug|x86.Build.0 = Debug|Any CPU
		{05B5EBCF-1D46-4460-BE5A-044F3B7AC592}.Release|Any CPU.ActiveCfg = Release|Any CPU
		{05B5EBCF-1D46-4460-BE5A-044F3B7AC592}.Release|Any CPU.Build.0 = Release|Any CPU
		{05B5EBCF-1D46-4460-BE5A-044F3B7AC592}.Release|x64.ActiveCfg = Release|Any CPU
		{05B5EBCF-1D46-4460-BE5A-044F3B7AC592}.Release|x64.Build.0 = Release|Any CPU
		{05B5EBCF-1D46-4460-BE5A-044F3B7AC592}.Release|x86.ActiveCfg = Release|Any CPU
		{05B5EBCF-1D46-4460-BE5A-044F3B7AC592}.Release|x86.Build.0 = Release|Any CPU
		{367BC60F-FB79-4D25-A0AE-AB8941E9993B}.Debug|Any CPU.ActiveCfg = Debug|Any CPU
		{367BC60F-FB79-4D25-A0AE-AB8941E9993B}.Debug|Any CPU.Build.0 = Debug|Any CPU
		{367BC60F-FB79-4D25-A0AE-AB8941E9993B}.Debug|x64.ActiveCfg = Debug|Any CPU
		{367BC60F-FB79-4D25-A0AE-AB8941E9993B}.Debug|x64.Build.0 = Debug|Any CPU
		{367BC60F-FB79-4D25-A0AE-AB8941E9993B}.Debug|x86.ActiveCfg = Debug|Any CPU
		{367BC60F-FB79-4D25-A0AE-AB8941E9993B}.Debug|x86.Build.0 = Debug|Any CPU
		{367BC60F-FB79-4D25-A0AE-AB8941E9993B}.Release|Any CPU.ActiveCfg = Release|Any CPU
		{367BC60F-FB79-4D25-A0AE-AB8941E9993B}.Release|Any CPU.Build.0 = Release|Any CPU
		{367BC60F-FB79-4D25-A0AE-AB8941E9993B}.Release|x64.ActiveCfg = Release|Any CPU
		{367BC60F-FB79-4D25-A0AE-AB8941E9993B}.Release|x64.Build.0 = Release|Any CPU
		{367BC60F-FB79-4D25-A0AE-AB8941E9993B}.Release|x86.ActiveCfg = Release|Any CPU
		{367BC60F-FB79-4D25-A0AE-AB8941E9993B}.Release|x86.Build.0 = Release|Any CPU
		{13C6B875-DDA9-4FB3-8237-5B76A825FF50}.Debug|Any CPU.ActiveCfg = Debug|Any CPU
		{13C6B875-DDA9-4FB3-8237-5B76A825FF50}.Debug|Any CPU.Build.0 = Debug|Any CPU
		{13C6B875-DDA9-4FB3-8237-5B76A825FF50}.Debug|x64.ActiveCfg = Debug|Any CPU
		{13C6B875-DDA9-4FB3-8237-5B76A825FF50}.Debug|x64.Build.0 = Debug|Any CPU
		{13C6B875-DDA9-4FB3-8237-5B76A825FF50}.Debug|x86.ActiveCfg = Debug|Any CPU
		{13C6B875-DDA9-4FB3-8237-5B76A825FF50}.Debug|x86.Build.0 = Debug|Any CPU
		{13C6B875-DDA9-4FB3-8237-5B76A825FF50}.Release|Any CPU.ActiveCfg = Release|Any CPU
		{13C6B875-DDA9-4FB3-8237-5B76A825FF50}.Release|Any CPU.Build.0 = Release|Any CPU
		{13C6B875-DDA9-4FB3-8237-5B76A825FF50}.Release|x64.ActiveCfg = Release|Any CPU
		{13C6B875-DDA9-4FB3-8237-5B76A825FF50}.Release|x64.Build.0 = Release|Any CPU
		{13C6B875-DDA9-4FB3-8237-5B76A825FF50}.Release|x86.ActiveCfg = Release|Any CPU
		{13C6B875-DDA9-4FB3-8237-5B76A825FF50}.Release|x86.Build.0 = Release|Any CPU
		{1B2FBB19-A72A-47C2-BC1B-5C3FB66232AB}.Debug|Any CPU.ActiveCfg = Debug|Any CPU
		{1B2FBB19-A72A-47C2-BC1B-5C3FB66232AB}.Debug|Any CPU.Build.0 = Debug|Any CPU
		{1B2FBB19-A72A-47C2-BC1B-5C3FB66232AB}.Debug|x64.ActiveCfg = Debug|Any CPU
		{1B2FBB19-A72A-47C2-BC1B-5C3FB66232AB}.Debug|x64.Build.0 = Debug|Any CPU
		{1B2FBB19-A72A-47C2-BC1B-5C3FB66232AB}.Debug|x86.ActiveCfg = Debug|Any CPU
		{1B2FBB19-A72A-47C2-BC1B-5C3FB66232AB}.Debug|x86.Build.0 = Debug|Any CPU
		{1B2FBB19-A72A-47C2-BC1B-5C3FB66232AB}.Release|Any CPU.ActiveCfg = Release|Any CPU
		{1B2FBB19-A72A-47C2-BC1B-5C3FB66232AB}.Release|Any CPU.Build.0 = Release|Any CPU
		{1B2FBB19-A72A-47C2-BC1B-5C3FB66232AB}.Release|x64.ActiveCfg = Release|Any CPU
		{1B2FBB19-A72A-47C2-BC1B-5C3FB66232AB}.Release|x64.Build.0 = Release|Any CPU
		{1B2FBB19-A72A-47C2-BC1B-5C3FB66232AB}.Release|x86.ActiveCfg = Release|Any CPU
		{1B2FBB19-A72A-47C2-BC1B-5C3FB66232AB}.Release|x86.Build.0 = Release|Any CPU
		{07BD58BF-9849-457D-9D93-F31CCA5A12A2}.Debug|Any CPU.ActiveCfg = Debug|Any CPU
		{07BD58BF-9849-457D-9D93-F31CCA5A12A2}.Debug|Any CPU.Build.0 = Debug|Any CPU
		{07BD58BF-9849-457D-9D93-F31CCA5A12A2}.Debug|x64.ActiveCfg = Debug|Any CPU
		{07BD58BF-9849-457D-9D93-F31CCA5A12A2}.Debug|x64.Build.0 = Debug|Any CPU
		{07BD58BF-9849-457D-9D93-F31CCA5A12A2}.Debug|x86.ActiveCfg = Debug|Any CPU
		{07BD58BF-9849-457D-9D93-F31CCA5A12A2}.Debug|x86.Build.0 = Debug|Any CPU
		{07BD58BF-9849-457D-9D93-F31CCA5A12A2}.Release|Any CPU.ActiveCfg = Release|Any CPU
		{07BD58BF-9849-457D-9D93-F31CCA5A12A2}.Release|Any CPU.Build.0 = Release|Any CPU
		{07BD58BF-9849-457D-9D93-F31CCA5A12A2}.Release|x64.ActiveCfg = Release|Any CPU
		{07BD58BF-9849-457D-9D93-F31CCA5A12A2}.Release|x64.Build.0 = Release|Any CPU
		{07BD58BF-9849-457D-9D93-F31CCA5A12A2}.Release|x86.ActiveCfg = Release|Any CPU
		{07BD58BF-9849-457D-9D93-F31CCA5A12A2}.Release|x86.Build.0 = Release|Any CPU
		{FB14F8DA-A0E6-48DD-9E00-0F231FED9F7C}.Debug|Any CPU.ActiveCfg = Debug|Any CPU
		{FB14F8DA-A0E6-48DD-9E00-0F231FED9F7C}.Debug|Any CPU.Build.0 = Debug|Any CPU
		{FB14F8DA-A0E6-48DD-9E00-0F231FED9F7C}.Debug|x64.ActiveCfg = Debug|Any CPU
		{FB14F8DA-A0E6-48DD-9E00-0F231FED9F7C}.Debug|x64.Build.0 = Debug|Any CPU
		{FB14F8DA-A0E6-48DD-9E00-0F231FED9F7C}.Debug|x86.ActiveCfg = Debug|Any CPU
		{FB14F8DA-A0E6-48DD-9E00-0F231FED9F7C}.Debug|x86.Build.0 = Debug|Any CPU
		{FB14F8DA-A0E6-48DD-9E00-0F231FED9F7C}.Release|Any CPU.ActiveCfg = Release|Any CPU
		{FB14F8DA-A0E6-48DD-9E00-0F231FED9F7C}.Release|Any CPU.Build.0 = Release|Any CPU
		{FB14F8DA-A0E6-48DD-9E00-0F231FED9F7C}.Release|x64.ActiveCfg = Release|Any CPU
		{FB14F8DA-A0E6-48DD-9E00-0F231FED9F7C}.Release|x64.Build.0 = Release|Any CPU
		{FB14F8DA-A0E6-48DD-9E00-0F231FED9F7C}.Release|x86.ActiveCfg = Release|Any CPU
		{FB14F8DA-A0E6-48DD-9E00-0F231FED9F7C}.Release|x86.Build.0 = Release|Any CPU
		{23B1BC0B-5966-4A09-9B60-1C22C4B081BF}.Debug|Any CPU.ActiveCfg = Debug|Any CPU
		{23B1BC0B-5966-4A09-9B60-1C22C4B081BF}.Debug|Any CPU.Build.0 = Debug|Any CPU
		{23B1BC0B-5966-4A09-9B60-1C22C4B081BF}.Debug|x64.ActiveCfg = Debug|Any CPU
		{23B1BC0B-5966-4A09-9B60-1C22C4B081BF}.Debug|x64.Build.0 = Debug|Any CPU
		{23B1BC0B-5966-4A09-9B60-1C22C4B081BF}.Debug|x86.ActiveCfg = Debug|Any CPU
		{23B1BC0B-5966-4A09-9B60-1C22C4B081BF}.Debug|x86.Build.0 = Debug|Any CPU
		{23B1BC0B-5966-4A09-9B60-1C22C4B081BF}.Release|Any CPU.ActiveCfg = Release|Any CPU
		{23B1BC0B-5966-4A09-9B60-1C22C4B081BF}.Release|Any CPU.Build.0 = Release|Any CPU
		{23B1BC0B-5966-4A09-9B60-1C22C4B081BF}.Release|x64.ActiveCfg = Release|Any CPU
		{23B1BC0B-5966-4A09-9B60-1C22C4B081BF}.Release|x64.Build.0 = Release|Any CPU
		{23B1BC0B-5966-4A09-9B60-1C22C4B081BF}.Release|x86.ActiveCfg = Release|Any CPU
		{23B1BC0B-5966-4A09-9B60-1C22C4B081BF}.Release|x86.Build.0 = Release|Any CPU
		{9E9BDE8D-3C5E-46E2-90A9-78C68DD8A6C8}.Debug|Any CPU.ActiveCfg = Debug|Any CPU
		{9E9BDE8D-3C5E-46E2-90A9-78C68DD8A6C8}.Debug|Any CPU.Build.0 = Debug|Any CPU
		{9E9BDE8D-3C5E-46E2-90A9-78C68DD8A6C8}.Debug|x64.ActiveCfg = Debug|Any CPU
		{9E9BDE8D-3C5E-46E2-90A9-78C68DD8A6C8}.Debug|x64.Build.0 = Debug|Any CPU
		{9E9BDE8D-3C5E-46E2-90A9-78C68DD8A6C8}.Debug|x86.ActiveCfg = Debug|Any CPU
		{9E9BDE8D-3C5E-46E2-90A9-78C68DD8A6C8}.Debug|x86.Build.0 = Debug|Any CPU
		{9E9BDE8D-3C5E-46E2-90A9-78C68DD8A6C8}.Release|Any CPU.ActiveCfg = Release|Any CPU
		{9E9BDE8D-3C5E-46E2-90A9-78C68DD8A6C8}.Release|Any CPU.Build.0 = Release|Any CPU
		{9E9BDE8D-3C5E-46E2-90A9-78C68DD8A6C8}.Release|x64.ActiveCfg = Release|Any CPU
		{9E9BDE8D-3C5E-46E2-90A9-78C68DD8A6C8}.Release|x64.Build.0 = Release|Any CPU
		{9E9BDE8D-3C5E-46E2-90A9-78C68DD8A6C8}.Release|x86.ActiveCfg = Release|Any CPU
		{9E9BDE8D-3C5E-46E2-90A9-78C68DD8A6C8}.Release|x86.Build.0 = Release|Any CPU
		{0EEEFA59-3BC5-4B96-B85C-CED9EEB8DF1B}.Debug|Any CPU.ActiveCfg = Debug|Any CPU
		{0EEEFA59-3BC5-4B96-B85C-CED9EEB8DF1B}.Debug|Any CPU.Build.0 = Debug|Any CPU
		{0EEEFA59-3BC5-4B96-B85C-CED9EEB8DF1B}.Debug|x64.ActiveCfg = Debug|Any CPU
		{0EEEFA59-3BC5-4B96-B85C-CED9EEB8DF1B}.Debug|x64.Build.0 = Debug|Any CPU
		{0EEEFA59-3BC5-4B96-B85C-CED9EEB8DF1B}.Debug|x86.ActiveCfg = Debug|Any CPU
		{0EEEFA59-3BC5-4B96-B85C-CED9EEB8DF1B}.Debug|x86.Build.0 = Debug|Any CPU
		{0EEEFA59-3BC5-4B96-B85C-CED9EEB8DF1B}.Release|Any CPU.ActiveCfg = Release|Any CPU
		{0EEEFA59-3BC5-4B96-B85C-CED9EEB8DF1B}.Release|Any CPU.Build.0 = Release|Any CPU
		{0EEEFA59-3BC5-4B96-B85C-CED9EEB8DF1B}.Release|x64.ActiveCfg = Release|Any CPU
		{0EEEFA59-3BC5-4B96-B85C-CED9EEB8DF1B}.Release|x64.Build.0 = Release|Any CPU
		{0EEEFA59-3BC5-4B96-B85C-CED9EEB8DF1B}.Release|x86.ActiveCfg = Release|Any CPU
		{0EEEFA59-3BC5-4B96-B85C-CED9EEB8DF1B}.Release|x86.Build.0 = Release|Any CPU
		{22642DB6-6D5D-41DE-8461-8334B3548A3E}.Debug|Any CPU.ActiveCfg = Debug|Any CPU
		{22642DB6-6D5D-41DE-8461-8334B3548A3E}.Debug|Any CPU.Build.0 = Debug|Any CPU
		{22642DB6-6D5D-41DE-8461-8334B3548A3E}.Debug|x64.ActiveCfg = Debug|Any CPU
		{22642DB6-6D5D-41DE-8461-8334B3548A3E}.Debug|x64.Build.0 = Debug|Any CPU
		{22642DB6-6D5D-41DE-8461-8334B3548A3E}.Debug|x86.ActiveCfg = Debug|Any CPU
		{22642DB6-6D5D-41DE-8461-8334B3548A3E}.Debug|x86.Build.0 = Debug|Any CPU
		{22642DB6-6D5D-41DE-8461-8334B3548A3E}.Release|Any CPU.ActiveCfg = Release|Any CPU
		{22642DB6-6D5D-41DE-8461-8334B3548A3E}.Release|Any CPU.Build.0 = Release|Any CPU
		{22642DB6-6D5D-41DE-8461-8334B3548A3E}.Release|x64.ActiveCfg = Release|Any CPU
		{22642DB6-6D5D-41DE-8461-8334B3548A3E}.Release|x64.Build.0 = Release|Any CPU
		{22642DB6-6D5D-41DE-8461-8334B3548A3E}.Release|x86.ActiveCfg = Release|Any CPU
		{22642DB6-6D5D-41DE-8461-8334B3548A3E}.Release|x86.Build.0 = Release|Any CPU
		{AA97159B-04D2-4AF7-A67B-3BB25E31E199}.Debug|Any CPU.ActiveCfg = Debug|Any CPU
		{AA97159B-04D2-4AF7-A67B-3BB25E31E199}.Debug|Any CPU.Build.0 = Debug|Any CPU
		{AA97159B-04D2-4AF7-A67B-3BB25E31E199}.Debug|x64.ActiveCfg = Debug|Any CPU
		{AA97159B-04D2-4AF7-A67B-3BB25E31E199}.Debug|x64.Build.0 = Debug|Any CPU
		{AA97159B-04D2-4AF7-A67B-3BB25E31E199}.Debug|x86.ActiveCfg = Debug|Any CPU
		{AA97159B-04D2-4AF7-A67B-3BB25E31E199}.Debug|x86.Build.0 = Debug|Any CPU
		{AA97159B-04D2-4AF7-A67B-3BB25E31E199}.Release|Any CPU.ActiveCfg = Release|Any CPU
		{AA97159B-04D2-4AF7-A67B-3BB25E31E199}.Release|Any CPU.Build.0 = Release|Any CPU
		{AA97159B-04D2-4AF7-A67B-3BB25E31E199}.Release|x64.ActiveCfg = Release|Any CPU
		{AA97159B-04D2-4AF7-A67B-3BB25E31E199}.Release|x64.Build.0 = Release|Any CPU
		{AA97159B-04D2-4AF7-A67B-3BB25E31E199}.Release|x86.ActiveCfg = Release|Any CPU
		{AA97159B-04D2-4AF7-A67B-3BB25E31E199}.Release|x86.Build.0 = Release|Any CPU
		{259C1608-7765-495A-BAB4-A2E25CF7E75F}.Debug|Any CPU.ActiveCfg = Debug|Any CPU
		{259C1608-7765-495A-BAB4-A2E25CF7E75F}.Debug|Any CPU.Build.0 = Debug|Any CPU
		{259C1608-7765-495A-BAB4-A2E25CF7E75F}.Debug|x64.ActiveCfg = Debug|Any CPU
		{259C1608-7765-495A-BAB4-A2E25CF7E75F}.Debug|x64.Build.0 = Debug|Any CPU
		{259C1608-7765-495A-BAB4-A2E25CF7E75F}.Debug|x86.ActiveCfg = Debug|Any CPU
		{259C1608-7765-495A-BAB4-A2E25CF7E75F}.Debug|x86.Build.0 = Debug|Any CPU
		{259C1608-7765-495A-BAB4-A2E25CF7E75F}.Release|Any CPU.ActiveCfg = Release|Any CPU
		{259C1608-7765-495A-BAB4-A2E25CF7E75F}.Release|Any CPU.Build.0 = Release|Any CPU
		{259C1608-7765-495A-BAB4-A2E25CF7E75F}.Release|x64.ActiveCfg = Release|Any CPU
		{259C1608-7765-495A-BAB4-A2E25CF7E75F}.Release|x64.Build.0 = Release|Any CPU
		{259C1608-7765-495A-BAB4-A2E25CF7E75F}.Release|x86.ActiveCfg = Release|Any CPU
		{259C1608-7765-495A-BAB4-A2E25CF7E75F}.Release|x86.Build.0 = Release|Any CPU
	EndGlobalSection
	GlobalSection(SolutionProperties) = preSolution
		HideSolutionNode = FALSE
	EndGlobalSection
	GlobalSection(NestedProjects) = preSolution
		{05B5EBCF-1D46-4460-BE5A-044F3B7AC592} = {827E0CD3-B72D-47B6-A68D-7590B98EB39B}
		{367BC60F-FB79-4D25-A0AE-AB8941E9993B} = {827E0CD3-B72D-47B6-A68D-7590B98EB39B}
		{13C6B875-DDA9-4FB3-8237-5B76A825FF50} = {827E0CD3-B72D-47B6-A68D-7590B98EB39B}
		{1B2FBB19-A72A-47C2-BC1B-5C3FB66232AB} = {827E0CD3-B72D-47B6-A68D-7590B98EB39B}
		{07BD58BF-9849-457D-9D93-F31CCA5A12A2} = {827E0CD3-B72D-47B6-A68D-7590B98EB39B}
		{FB14F8DA-A0E6-48DD-9E00-0F231FED9F7C} = {827E0CD3-B72D-47B6-A68D-7590B98EB39B}
		{23B1BC0B-5966-4A09-9B60-1C22C4B081BF} = {827E0CD3-B72D-47B6-A68D-7590B98EB39B}
		{9E9BDE8D-3C5E-46E2-90A9-78C68DD8A6C8} = {0AB3BF05-4346-4AA6-1389-037BE0695223}
		{0EEEFA59-3BC5-4B96-B85C-CED9EEB8DF1B} = {0AB3BF05-4346-4AA6-1389-037BE0695223}
		{22642DB6-6D5D-41DE-8461-8334B3548A3E} = {827E0CD3-B72D-47B6-A68D-7590B98EB39B}
		{AA97159B-04D2-4AF7-A67B-3BB25E31E199} = {0AB3BF05-4346-4AA6-1389-037BE0695223}
		{259C1608-7765-495A-BAB4-A2E25CF7E75F} = {07D57EEB-2F50-60C4-C011-FE4FA775C9A8}
	EndGlobalSection
	GlobalSection(ExtensibilityGlobals) = postSolution
		SolutionGuid = {11631D89-BE6F-4D08-B915-FCB4C49F8EA5}
	EndGlobalSection
EndGlobal
